PODS:
  - Alamofire (3.5.1)
  - GoogleMaps (2.0.1):
    - GoogleMaps/Maps (= 2.0.1)
  - GoogleMaps/Base (2.0.1)
  - GoogleMaps/Maps (2.0.1):
    - GoogleMaps/Base (= 2.0.1)

DEPENDENCIES:
  - Alamofire (~> 3.0)
  - GoogleMaps

SPEC CHECKSUMS:
  Alamofire: 0dfba1184a543e2aa160f4e39cac4e8aba48d223
  GoogleMaps: f09da64fc987c1aa29394567c3cab5a3df83c402

COCOAPODS: 0.39.0
